{
  "name": "ojobpub-publisher-assets",
  "version": "0.0.0",
  "lockfileVersion": 3,
  "requires": true,
  "packages": {
    "": {
      "name": "ojobpub-publisher-assets",
      "version": "0.0.0",
      "dependencies": {
        "@tabler/core": "1.5.1",
        "@tabler/icons": "3.47.0",
        "htmx.org": "2.0.10"
      }
    },
    "node_modules/@popperjs/core": {
      "version": "2.11.8",
      "resolved": "https://registry.npmjs.org/@popperjs/core/-/core-2.11.8.tgz",
      "integrity": "sha512-P1st0aksCrn9sGZhp8GMYwBnQsbvAWsZAX44oXNNvLHGqAOcoVxmjZiohstwQ7SqKnbR47akdNi+uleWD8+g6A==",
      "license": "MIT",
      "funding": {
        "type": "opencollective",
        "url": "https://opencollective.com/popperjs"
      }
    },
    "node_modules/@tabler/core": {
      "version": "1.5.1",
      "resolved": "https://registry.npmjs.org/@tabler/core/-/core-1.5.1.tgz",
      "integrity": "sha512-PI9rJq4H4lBh53YP/J+m5Uz6lqVQbsGPmWCMN34IP4KQQ/wy28YMO6a3Eiz1cQHdFFr+3MlU3yYhXdzvFGJfqw==",
      "license": "MIT",
      "dependencies": {
        "@popperjs/core": "^2.11.8"
      },
      "engines": {
        "node": ">=20"
      },
      "funding": {
        "type": "github",
        "url": "https://github.com/sponsors/codecalm"
      }
    },
    "node_modules/@tabler/icons": {
      "version": "3.47.0",
      "resolved": "https://registry.npmjs.org/@tabler/icons/-/icons-3.47.0.tgz",
      "integrity": "sha512-aCbSemVrGvSA3w0sJi8mka6QrnQCN8wCD1jKNXXIR/h6Q4ffov/yFPyzjTULDM8ETtK4DABUZhWdYlygqy3npA==",
      "funding": {
        "type": "github",
        "url": "https://github.com/sponsors/codecalm"
      }
    },
    "node_modules/htmx.org": {
      "version": "2.0.10",
      "resolved": "https://registry.npmjs.org/htmx.org/-/htmx.org-2.0.10.tgz",
      "integrity": "sha512-kdeJe7ZVwaS6QMz/ebBIVtZdpwen6L0OQ5GOhPV9MKBb196TCZeZu4yA7ZIQsaLKv7EpXz+So7KSXNuHXhj7Cw==",
      "license": "0BSD"
    }
  }
}
